
Microsoft Visual Studio Solution File, Format Version 12.00
# Visual Studio Version 17
VisualStudioVersion = 17.14.36930.0 d17.14
MinimumVisualStudioVersion = 10.0.40219.1
Project("{FAE04EC0-301F-11D3-BF4B-00C04F79EFBC}") = "Social-Media-API", "Social-Media-API.csproj", "{FBAF70CC-6D6F-43FA-9F12-964070ADB9CC}"
EndProject
Global
	GlobalSection(SolutionConfigurationPlatforms) = preSolution
		Debug|Any CPU = Debug|Any CPU
		Release|Any CPU = Release|Any CPU
	EndGlobalSection
	GlobalSection(ProjectConfigurationPlatforms) = postSolution
		{FBAF70CC-6D6F-43FA-9F12-964070ADB9CC}.Debug|Any CPU.ActiveCfg = Debug|Any CPU
		{FBAF70CC-6D6F-43FA-9F12-964070ADB9CC}.Debug|Any CPU.Build.0 = Debug|Any CPU
		{FBAF70CC-6D6F-43FA-9F12-964070ADB9CC}.Release|Any CPU.ActiveCfg = Release|Any CPU
		{FBAF70CC-6D6F-43FA-9F12-964070ADB9CC}.Release|Any CPU.Build.0 = Release|Any CPU
	EndGlobalSection
	GlobalSection(SolutionProperties) = preSolution
		HideSolutionNode = FALSE
	EndGlobalSection
	GlobalSection(ExtensibilityGlobals) = postSolution
		SolutionGuid = {57F7DC7E-D5AC-4A17-AE92-DC69C09C2E89}
	EndGlobalSection
EndGlobal
